{
  "version": 4,
  "terraform_version": "1.2.9",
  "serial": 995,
  "lineage": "1076cee5-912f-125b-9621-eebb71e6e493",
  "outputs": {},
  "resources": [
    {
      "mode": "managed",
      "type": "docker_container",
      "name": "kafka_broker_101",
      "provider": "provider[\"registry.terraform.io/kreuzwerker/docker\"]",
      "instances": [
        {
          "schema_version": 2,
          "attributes": {
            "attach": false,
            "bridge": "",
            "capabilities": [],
            "command": [
              "--override",
              "zookeeper.connect=kafka-zookeeper:2181",
              "--override",
              "broker.id=101",
              "--override",
              "listeners=PLAINTEXT://:9092,CONNECTIONS_FROM_HOST://:19092",
              "--override",
              "advertised.listeners=PLAINTEXT://kafka-broker-101:9092,CONNECTIONS_FROM_HOST://localhost:19092",
              "--override",
              "listener.security.protocol.map=PLAINTEXT:PLAINTEXT,CONNECTIONS_FROM_HOST:PLAINTEXT"
            ],
            "container_logs": null,
            "cpu_set": "",
            "cpu_shares": 0,
            "destroy_grace_seconds": null,
            "devices": [],
            "dns": null,
            "dns_opts": null,
            "dns_search": null,
            "domainname": "",
            "entrypoint": [
              "kafka-server-start.sh",
              "/opt/kafka_2.13-3.2.1/config/server.properties"
            ],
            "env": [],
            "exit_code": null,
            "gateway": "172.18.0.1",
            "gpus": null,
            "group_add": null,
            "healthcheck": [
              {
                "interval": "3s",
                "retries": 10,
                "start_period": "3s",
                "test": [
                  "CMD",
                  "nc",
                  "-z",
                  "kafka-broker-101",
                  "9092"
                ],
                "timeout": "10s"
              }
            ],
            "host": [],
            "hostname": "14ac356c4823",
            "id": "14ac356c4823d0070f13052245c45f2d00d1ecd0f0ca2a17fd8d51f0e058a973",
            "image": "sha256:9ded5b93e4d666ec4688c21968f434483782e6ec5ac9d348835eddd618a2e40c",
            "init": false,
            "ip_address": "172.18.0.5",
            "ip_prefix_length": 16,
            "ipc_mode": "private",
            "labels": [],
            "links": null,
            "log_driver": "json-file",
            "log_opts": null,
            "logs": false,
            "max_retry_count": 0,
            "memory": 0,
            "memory_swap": 0,
            "mounts": [],
            "must_run": true,
            "name": "kafka-broker-101",
            "network_alias": null,
            "network_data": [
              {
                "gateway": "172.18.0.1",
                "global_ipv6_address": "",
                "global_ipv6_prefix_length": 0,
                "ip_address": "172.18.0.5",
                "ip_prefix_length": 16,
                "ipv6_gateway": "",
                "network_name": "kafka-network"
              }
            ],
            "network_mode": "default",
            "networks": null,
            "networks_advanced": [
              {
                "aliases": [],
                "ipv4_address": "",
                "ipv6_address": "",
                "name": "c2171f740adfe7779bd81c3d7804c81ebe3402d8862bfbd83db6fdfe16a2e224"
              }
            ],
            "pid_mode": "",
            "ports": [
              {
                "external": 19092,
                "internal": 19092,
                "ip": "0.0.0.0",
                "protocol": "tcp"
              }
            ],
            "privileged": false,
            "publish_all_ports": false,
            "read_only": false,
            "remove_volumes": true,
            "restart": "on-failure",
            "rm": false,
            "runtime": "runc",
            "security_opts": [],
            "shm_size": 64,
            "start": true,
            "stdin_open": false,
            "stop_signal": "",
            "stop_timeout": 0,
            "storage_opts": null,
            "sysctls": null,
            "tmpfs": null,
            "tty": false,
            "ulimit": [],
            "upload": [],
            "user": "",
            "userns_mode": "",
            "volumes": [
              {
                "container_path": "/opt/kafka_2.13-3.2.1/config",
                "from_container": "",
                "host_path": "",
                "read_only": null,
                "volume_name": "kafka-broker-config-vol"
              },
              {
                "container_path": "/tmp/kafka-logs",
                "from_container": "",
                "host_path": "",
                "read_only": null,
                "volume_name": "kafka-broker-101-logs-vol"
              }
            ],
            "working_dir": ""
          },
          "sensitive_attributes": [],
          "private": "eyJzY2hlbWFfdmVyc2lvbiI6IjIifQ==",
          "dependencies": [
            "docker_container.kafka_zookeeper",
            "docker_image.kafka_server",
            "docker_image.kafka_zookeeper",
            "docker_network.kafka_network"
          ]
        }
      ]
    },
    {
      "mode": "managed",
      "type": "docker_container",
      "name": "kafka_broker_102",
      "provider": "provider[\"registry.terraform.io/kreuzwerker/docker\"]",
      "instances": [
        {
          "schema_version": 2,
          "attributes": {
            "attach": false,
            "bridge": "",
            "capabilities": [],
            "command": [
              "--override",
              "zookeeper.connect=kafka-zookeeper:2181",
              "--override",
              "broker.id=102",
              "--override",
              "listeners=PLAINTEXT://:9092,CONNECTIONS_FROM_HOST://:29092",
              "--override",
              "advertised.listeners=PLAINTEXT://kafka-broker-102:9092,CONNECTIONS_FROM_HOST://localhost:29092",
              "--override",
              "listener.security.protocol.map=PLAINTEXT:PLAINTEXT,CONNECTIONS_FROM_HOST:PLAINTEXT"
            ],
            "container_logs": null,
            "cpu_set": "",
            "cpu_shares": 0,
            "destroy_grace_seconds": null,
            "devices": [],
            "dns": null,
            "dns_opts": null,
            "dns_search": null,
            "domainname": "",
            "entrypoint": [
              "kafka-server-start.sh",
              "/opt/kafka_2.13-3.2.1/config/server.properties"
            ],
            "env": [],
            "exit_code": null,
            "gateway": "172.18.0.1",
            "gpus": null,
            "group_add": null,
            "healthcheck": [
              {
                "interval": "3s",
                "retries": 10,
                "start_period": "3s",
                "test": [
                  "CMD",
                  "nc",
                  "-z",
                  "kafka-broker-102",
                  "9092"
                ],
                "timeout": "10s"
              }
            ],
            "host": [],
            "hostname": "ef5c5bbd8214",
            "id": "ef5c5bbd82144f72243b75bfab0cc9c470ababe8311191001b3e1250324a586b",
            "image": "sha256:9ded5b93e4d666ec4688c21968f434483782e6ec5ac9d348835eddd618a2e40c",
            "init": false,
            "ip_address": "172.18.0.4",
            "ip_prefix_length": 16,
            "ipc_mode": "private",
            "labels": [],
            "links": null,
            "log_driver": "json-file",
            "log_opts": null,
            "logs": false,
            "max_retry_count": 0,
            "memory": 0,
            "memory_swap": 0,
            "mounts": [],
            "must_run": true,
            "name": "kafka-broker-102",
            "network_alias": null,
            "network_data": [
              {
                "gateway": "172.18.0.1",
                "global_ipv6_address": "",
                "global_ipv6_prefix_length": 0,
                "ip_address": "172.18.0.4",
                "ip_prefix_length": 16,
                "ipv6_gateway": "",
                "network_name": "kafka-network"
              }
            ],
            "network_mode": "default",
            "networks": null,
            "networks_advanced": [
              {
                "aliases": [],
                "ipv4_address": "",
                "ipv6_address": "",
                "name": "c2171f740adfe7779bd81c3d7804c81ebe3402d8862bfbd83db6fdfe16a2e224"
              }
            ],
            "pid_mode": "",
            "ports": [
              {
                "external": 29092,
                "internal": 29092,
                "ip": "0.0.0.0",
                "protocol": "tcp"
              }
            ],
            "privileged": false,
            "publish_all_ports": false,
            "read_only": false,
            "remove_volumes": true,
            "restart": "on-failure",
            "rm": false,
            "runtime": "runc",
            "security_opts": [],
            "shm_size": 64,
            "start": true,
            "stdin_open": false,
            "stop_signal": "",
            "stop_timeout": 0,
            "storage_opts": null,
            "sysctls": null,
            "tmpfs": null,
            "tty": false,
            "ulimit": [],
            "upload": [],
            "user": "",
            "userns_mode": "",
            "volumes": [
              {
                "container_path": "/opt/kafka_2.13-3.2.1/config",
                "from_container": "",
                "host_path": "",
                "read_only": null,
                "volume_name": "kafka-broker-config-vol"
              },
              {
                "container_path": "/tmp/kafka-logs",
                "from_container": "",
                "host_path": "",
                "read_only": null,
                "volume_name": "kafka-broker-102-logs-vol"
              }
            ],
            "working_dir": ""
          },
          "sensitive_attributes": [],
          "private": "eyJzY2hlbWFfdmVyc2lvbiI6IjIifQ==",
          "dependencies": [
            "docker_container.kafka_zookeeper",
            "docker_image.kafka_server",
            "docker_image.kafka_zookeeper",
            "docker_network.kafka_network"
          ]
        }
      ]
    },
    {
      "mode": "managed",
      "type": "docker_container",
      "name": "kafka_broker_103",
      "provider": "provider[\"registry.terraform.io/kreuzwerker/docker\"]",
      "instances": [
        {
          "schema_version": 2,
          "attributes": {
            "attach": false,
            "bridge": "",
            "capabilities": [],
            "command": [
              "--override",
              "zookeeper.connect=kafka-zookeeper:2181",
              "--override",
              "broker.id=103",
              "--override",
              "listeners=PLAINTEXT://:9092,CONNECTIONS_FROM_HOST://:39092",
              "--override",
              "advertised.listeners=PLAINTEXT://kafka-broker-103:9092,CONNECTIONS_FROM_HOST://localhost:39092",
              "--override",
              "listener.security.protocol.map=PLAINTEXT:PLAINTEXT,CONNECTIONS_FROM_HOST:PLAINTEXT"
            ],
            "container_logs": null,
            "cpu_set": "",
            "cpu_shares": 0,
            "destroy_grace_seconds": null,
            "devices": [],
            "dns": null,
            "dns_opts": null,
            "dns_search": null,
            "domainname": "",
            "entrypoint": [
              "kafka-server-start.sh",
              "/opt/kafka_2.13-3.2.1/config/server.properties"
            ],
            "env": [],
            "exit_code": null,
            "gateway": "172.18.0.1",
            "gpus": null,
            "group_add": null,
            "healthcheck": [
              {
                "interval": "3s",
                "retries": 10,
                "start_period": "3s",
                "test": [
                  "CMD",
                  "nc",
                  "-z",
                  "kafka-broker-103",
                  "9092"
                ],
                "timeout": "10s"
              }
            ],
            "host": [],
            "hostname": "94ff43d38a49",
            "id": "94ff43d38a49de4fb1eaec94fd61ef6b3d8511960ece8ee54a9263a8b7affceb",
            "image": "sha256:9ded5b93e4d666ec4688c21968f434483782e6ec5ac9d348835eddd618a2e40c",
            "init": false,
            "ip_address": "172.18.0.3",
            "ip_prefix_length": 16,
            "ipc_mode": "private",
            "labels": [],
            "links": null,
            "log_driver": "json-file",
            "log_opts": null,
            "logs": false,
            "max_retry_count": 0,
            "memory": 0,
            "memory_swap": 0,
            "mounts": [],
            "must_run": true,
            "name": "kafka-broker-103",
            "network_alias": null,
            "network_data": [
              {
                "gateway": "172.18.0.1",
                "global_ipv6_address": "",
                "global_ipv6_prefix_length": 0,
                "ip_address": "172.18.0.3",
                "ip_prefix_length": 16,
                "ipv6_gateway": "",
                "network_name": "kafka-network"
              }
            ],
            "network_mode": "default",
            "networks": null,
            "networks_advanced": [
              {
                "aliases": [],
                "ipv4_address": "",
                "ipv6_address": "",
                "name": "c2171f740adfe7779bd81c3d7804c81ebe3402d8862bfbd83db6fdfe16a2e224"
              }
            ],
            "pid_mode": "",
            "ports": [
              {
                "external": 39092,
                "internal": 39092,
                "ip": "0.0.0.0",
                "protocol": "tcp"
              }
            ],
            "privileged": false,
            "publish_all_ports": false,
            "read_only": false,
            "remove_volumes": true,
            "restart": "on-failure",
            "rm": false,
            "runtime": "runc",
            "security_opts": [],
            "shm_size": 64,
            "start": true,
            "stdin_open": false,
            "stop_signal": "",
            "stop_timeout": 0,
            "storage_opts": null,
            "sysctls": null,
            "tmpfs": null,
            "tty": false,
            "ulimit": [],
            "upload": [],
            "user": "",
            "userns_mode": "",
            "volumes": [
              {
                "container_path": "/opt/kafka_2.13-3.2.1/config",
                "from_container": "",
                "host_path": "",
                "read_only": null,
                "volume_name": "kafka-broker-config-vol"
              },
              {
                "container_path": "/tmp/kafka-logs",
                "from_container": "",
                "host_path": "",
                "read_only": null,
                "volume_name": "kafka-broker-103-logs-vol"
              }
            ],
            "working_dir": ""
          },
          "sensitive_attributes": [],
          "private": "eyJzY2hlbWFfdmVyc2lvbiI6IjIifQ==",
          "dependencies": [
            "docker_container.kafka_zookeeper",
            "docker_image.kafka_server",
            "docker_image.kafka_zookeeper",
            "docker_network.kafka_network"
          ]
        }
      ]
    },
    {
      "mode": "managed",
      "type": "docker_container",
      "name": "kafka_zookeeper",
      "provider": "provider[\"registry.terraform.io/kreuzwerker/docker\"]",
      "instances": [
        {
          "schema_version": 2,
          "attributes": {
            "attach": false,
            "bridge": "",
            "capabilities": [],
            "command": [],
            "container_logs": null,
            "cpu_set": "",
            "cpu_shares": 0,
            "destroy_grace_seconds": null,
            "devices": [],
            "dns": null,
            "dns_opts": null,
            "dns_search": null,
            "domainname": "",
            "entrypoint": [
              "zookeeper-server-start.sh",
              "/opt/kafka_2.13-3.2.1/config/zookeeper.properties"
            ],
            "env": [],
            "exit_code": null,
            "gateway": "172.18.0.1",
            "gpus": null,
            "group_add": null,
            "healthcheck": [
              {
                "interval": "10s",
                "retries": 10,
                "start_period": "3s",
                "test": [
                  "CMD",
                  "echo",
                  "ruok",
                  "|",
                  "nc",
                  "localhost",
                  "2181",
                  "|",
                  "grep",
                  "imok"
                ],
                "timeout": "10s"
              }
            ],
            "host": [],
            "hostname": "efa59c08937a",
            "id": "efa59c08937a31654dbd12656f6a1be730883a724552c8d10de492c5a8717212",
            "image": "sha256:c87f7b0cbdbe67a7e41cd5a592f765a9ca34cd15be0740759ef4f2980127b4e7",
            "init": false,
            "ip_address": "172.18.0.2",
            "ip_prefix_length": 16,
            "ipc_mode": "private",
            "labels": [],
            "links": null,
            "log_driver": "json-file",
            "log_opts": null,
            "logs": false,
            "max_retry_count": 0,
            "memory": 0,
            "memory_swap": 0,
            "mounts": [],
            "must_run": true,
            "name": "kafka-zookeeper",
            "network_alias": null,
            "network_data": [
              {
                "gateway": "172.18.0.1",
                "global_ipv6_address": "",
                "global_ipv6_prefix_length": 0,
                "ip_address": "172.18.0.2",
                "ip_prefix_length": 16,
                "ipv6_gateway": "",
                "network_name": "kafka-network"
              }
            ],
            "network_mode": "default",
            "networks": null,
            "networks_advanced": [
              {
                "aliases": [],
                "ipv4_address": "",
                "ipv6_address": "",
                "name": "c2171f740adfe7779bd81c3d7804c81ebe3402d8862bfbd83db6fdfe16a2e224"
              }
            ],
            "pid_mode": "",
            "ports": [],
            "privileged": false,
            "publish_all_ports": false,
            "read_only": false,
            "remove_volumes": true,
            "restart": "no",
            "rm": false,
            "runtime": "runc",
            "security_opts": [],
            "shm_size": 64,
            "start": true,
            "stdin_open": false,
            "stop_signal": "",
            "stop_timeout": 0,
            "storage_opts": null,
            "sysctls": null,
            "tmpfs": null,
            "tty": false,
            "ulimit": [],
            "upload": [],
            "user": "",
            "userns_mode": "",
            "volumes": [
              {
                "container_path": "/opt/kafka_2.13-3.2.1/config",
                "from_container": "",
                "host_path": "",
                "read_only": null,
                "volume_name": "kafka-zookeeper-config-vol"
              },
              {
                "container_path": "/tmp/zookeeper",
                "from_container": "",
                "host_path": "",
                "read_only": null,
                "volume_name": "kafka-zookeeper-data-vol"
              }
            ],
            "working_dir": ""
          },
          "sensitive_attributes": [],
          "private": "eyJzY2hlbWFfdmVyc2lvbiI6IjIifQ==",
          "dependencies": [
            "docker_image.kafka_zookeeper",
            "docker_network.kafka_network"
          ]
        }
      ]
    },
    {
      "mode": "managed",
      "type": "docker_image",
      "name": "kafka_server",
      "provider": "provider[\"registry.terraform.io/kreuzwerker/docker\"]",
      "instances": [
        {
          "schema_version": 0,
          "attributes": {
            "build": [],
            "force_remove": null,
            "id": "sha256:9ded5b93e4d666ec4688c21968f434483782e6ec5ac9d348835eddd618a2e40ckafka-server:latest",
            "image_id": "sha256:9ded5b93e4d666ec4688c21968f434483782e6ec5ac9d348835eddd618a2e40c",
            "keep_locally": true,
            "latest": "sha256:9ded5b93e4d666ec4688c21968f434483782e6ec5ac9d348835eddd618a2e40c",
            "name": "kafka-server:latest",
            "output": null,
            "pull_trigger": null,
            "pull_triggers": null,
            "repo_digest": "",
            "triggers": null
          },
          "sensitive_attributes": [],
          "private": "bnVsbA=="
        }
      ]
    },
    {
      "mode": "managed",
      "type": "docker_image",
      "name": "kafka_zookeeper",
      "provider": "provider[\"registry.terraform.io/kreuzwerker/docker\"]",
      "instances": [
        {
          "schema_version": 0,
          "attributes": {
            "build": [],
            "force_remove": null,
            "id": "sha256:c87f7b0cbdbe67a7e41cd5a592f765a9ca34cd15be0740759ef4f2980127b4e7kafka-zookeeper:latest",
            "image_id": "sha256:c87f7b0cbdbe67a7e41cd5a592f765a9ca34cd15be0740759ef4f2980127b4e7",
            "keep_locally": true,
            "latest": "sha256:c87f7b0cbdbe67a7e41cd5a592f765a9ca34cd15be0740759ef4f2980127b4e7",
            "name": "kafka-zookeeper:latest",
            "output": null,
            "pull_trigger": null,
            "pull_triggers": null,
            "repo_digest": "",
            "triggers": null
          },
          "sensitive_attributes": [],
          "private": "bnVsbA=="
        }
      ]
    },
    {
      "mode": "managed",
      "type": "docker_network",
      "name": "kafka_network",
      "provider": "provider[\"registry.terraform.io/kreuzwerker/docker\"]",
      "instances": [
        {
          "schema_version": 1,
          "attributes": {
            "attachable": false,
            "check_duplicate": null,
            "driver": "bridge",
            "id": "c2171f740adfe7779bd81c3d7804c81ebe3402d8862bfbd83db6fdfe16a2e224",
            "ingress": false,
            "internal": false,
            "ipam_config": [
              {
                "aux_address": {},
                "gateway": "172.18.0.1",
                "ip_range": "",
                "subnet": "172.18.0.0/16"
              }
            ],
            "ipam_driver": "default",
            "ipv6": false,
            "labels": [],
            "name": "kafka-network",
            "options": {},
            "scope": "local"
          },
          "sensitive_attributes": [],
          "private": "eyJzY2hlbWFfdmVyc2lvbiI6IjEifQ=="
        }
      ]
    }
  ]
}
